// !$*UTF8*$!
{
	archiveVersion = 1;
	classes = {
	};
	objectVersion = 46;
	objects = {

/* Begin PBXBuildFile section */
		D21BA116192D631C00D3FA0F /* Foundation.framework in Frameworks */ = {isa = PBXBuildFile; fileRef = D21BA115192D631C00D3FA0F /* Foundation.framework */; };
		D21BA118192D631C00D3FA0F /* CoreGraphics.framework in Frameworks */ = {isa = PBXBuildFile; fileRef = D21BA117192D631C00D3FA0F /* CoreGraphics.framework */; };
		D21BA11A192D631C00D3FA0F /* UIKit.framework in Frameworks */ = {isa = PBXBuildFile; fileRef = D21BA119192D631C00D3FA0F /* UIKit.framework */; };
		D21BA120192D631C00D3FA0F /* InfoPlist.strings in Resources */ = {isa = PBXBuildFile; fileRef = D21BA11E192D631C00D3FA0F /* InfoPlist.strings */; };
		D21BA122192D631C00D3FA0F /* main.m in Sources */ = {isa = PBXBuildFile; fileRef = D21BA121192D631C00D3FA0F /* main.m */; };
		D21BA126192D631C00D3FA0F /* VCAppDelegate.m in Sources */ = {isa = PBXBuildFile; fileRef = D21BA125192D631C00D3FA0F /* VCAppDelegate.m */; };
		D21BA129192D631C00D3FA0F /* Main.storyboard in Resources */ = {isa = PBXBuildFile; fileRef = D21BA127192D631C00D3FA0F /* Main.storyboard */; };
		D21BA12C192D631C00D3FA0F /* VCViewController.m in Sources */ = {isa = PBXBuildFile; fileRef = D21BA12B192D631C00D3FA0F /* VCViewController.m */; };
		D21BA12E192D631C00D3FA0F /* Images.xcassets in Resources */ = {isa = PBXBuildFile; fileRef = D21BA12D192D631C00D3FA0F /* Images.xcassets */; };
		D21BA135192D631C00D3FA0F /* XCTest.framework in Frameworks */ = {isa = PBXBuildFile; fileRef = D21BA134192D631C00D3FA0F /* XCTest.framework */; };
		D21BA136192D631C00D3FA0F /* Foundation.framework in Frameworks */ = {isa = PBXBuildFile; fileRef = D21BA115192D631C00D3FA0F /* Foundation.framework */; };
		D21BA137192D631C00D3FA0F /* UIKit.framework in Frameworks */ = {isa = PBXBuildFile; fileRef = D21BA119192D631C00D3FA0F /* UIKit.framework */; };
		D21BA13F192D631C00D3FA0F /* InfoPlist.strings in Resources */ = {isa = PBXBuildFile; fileRef = D21BA13D192D631C00D3FA0F /* InfoPlist.strings */; };
		D21BA141192D631C00D3FA0F /* UITableViewController_Challenge_SolutionTests.m in Sources */ = {isa = PBXBuildFile; fileRef = D21BA140192D631C00D3FA0F /* UITableViewController_Challenge_SolutionTests.m */; };
/* End PBXBuildFile section */

/* Begin PBXContainerItemProxy section */
		D21BA138192D631C00D3FA0F /* PBXContainerItemProxy */ = {
			isa = PBXContainerItemProxy;
			containerPortal = D21BA10A192D631C00D3FA0F /* Project object */;
			proxyType = 1;
			remoteGlobalIDString = D21BA111192D631C00D3FA0F;
			remoteInfo = "UITableViewController Challenge Solution";
		};
/* End PBXContainerItemProxy section */

/* Begin PBXFileReference section */
		D21BA112192D631C00D3FA0F /* UITableViewController Challenge Solution.app */ = {isa = PBXFileReference; explicitFileType = wrapper.application; includeInIndex = 0; path = "UITableViewController Challenge Solution.app"; sourceTree = BUILT_PRODUCTS_DIR; };
		D21BA115192D631C00D3FA0F /* Foundation.framework */ = {isa = PBXFileReference; lastKnownFileType = wrapper.framework; name = Foundation.framework; path = System/Library/Frameworks/Foundation.framework; sourceTree = SDKROOT; };
		D21BA117192D631C00D3FA0F /* CoreGraphics.framework */ = {isa = PBXFileReference; lastKnownFileType = wrapper.framework; name = CoreGraphics.framework; path = System/Library/Frameworks/CoreGraphics.framework; sourceTree = SDKROOT; };
		D21BA119192D631C00D3FA0F /* UIKit.framework */ = {isa = PBXFileReference; lastKnownFileType = wrapper.framework; name = UIKit.framework; path = System/Library/Frameworks/UIKit.framework; sourceTree = SDKROOT; };
		D21BA11D192D631C00D3FA0F /* UITableViewController Challenge Solution-Info.plist */ = {isa = PBXFileReference; lastKnownFileType = text.plist.xml; path = "UITableViewController Challenge Solution-Info.plist"; sourceTree = "<group>"; };
		D21BA11F192D631C00D3FA0F /* en */ = {isa = PBXFileReference; lastKnownFileType = text.plist.strings; name = en; path = en.lproj/InfoPlist.strings; sourceTree = "<group>"; };
		D21BA121192D631C00D3FA0F /* main.m */ = {isa = PBXFileReference; lastKnownFileType = sourcecode.c.objc; path = main.m; sourceTree = "<group>"; };
		D21BA123192D631C00D3FA0F /* UITableViewController Challenge Solution-Prefix.pch */ = {isa = PBXFileReference; lastKnownFileType = sourcecode.c.h; path = "UITableViewController Challenge Solution-Prefix.pch"; sourceTree = "<group>"; };
		D21BA124192D631C00D3FA0F /* VCAppDelegate.h */ = {isa = PBXFileReference; lastKnownFileType = sourcecode.c.h; path = VCAppDelegate.h; sourceTree = "<group>"; };
		D21BA125192D631C00D3FA0F /* VCAppDelegate.m */ = {isa = PBXFileReference; lastKnownFileType = sourcecode.c.objc; path = VCAppDelegate.m; sourceTree = "<group>"; };
		D21BA128192D631C00D3FA0F /* Base */ = {isa = PBXFileReference; lastKnownFileType = file.storyboard; name = Base; path = Base.lproj/Main.storyboard; sourceTree = "<group>"; };
		D21BA12A192D631C00D3FA0F /* VCViewController.h */ = {isa = PBXFileReference; lastKnownFileType = sourcecode.c.h; path = VCViewController.h; sourceTree = "<group>"; };
		D21BA12B192D631C00D3FA0F /* VCViewController.m */ = {isa = PBXFileReference; lastKnownFileType = sourcecode.c.objc; path = VCViewController.m; sourceTree = "<group>"; };
		D21BA12D192D631C00D3FA0F /* Images.xcassets */ = {isa = PBXFileReference; lastKnownFileType = folder.assetcatalog; path = Images.xcassets; sourceTree = "<group>"; };
		D21BA133192D631C00D3FA0F /* UITableViewController Challenge SolutionTests.xctest */ = {isa = PBXFileReference; explicitFileType = wrapper.cfbundle; includeInIndex = 0; path = "UITableViewController Challenge SolutionTests.xctest"; sourceTree = BUILT_PRODUCTS_DIR; };
		D21BA134192D631C00D3FA0F /* XCTest.framework */ = {isa = PBXFileReference; lastKnownFileType = wrapper.framework; name = XCTest.framework; path = Library/Frameworks/XCTest.framework; sourceTree = DEVELOPER_DIR; };
		D21BA13C192D631C00D3FA0F /* UITableViewController Challenge SolutionTests-Info.plist */ = {isa = PBXFileReference; lastKnownFileType = text.plist.xml; path = "UITableViewController Challenge SolutionTests-Info.plist"; sourceTree = "<group>"; };
		D21BA13E192D631C00D3FA0F /* en */ = {isa = PBXFileReference; lastKnownFileType = text.plist.strings; name = en; path = en.lproj/InfoPlist.strings; sourceTree = "<group>"; };
		D21BA140192D631C00D3FA0F /* UITableViewController_Challenge_SolutionTests.m */ = {isa = PBXFileReference; lastKnownFileType = sourcecode.c.objc; path = UITableViewController_Challenge_SolutionTests.m; sourceTree = "<group>"; };
/* End PBXFileReference section */

/* Begin PBXFrameworksBuildPhase section */
		D21BA10F192D631C00D3FA0F /* Frameworks */ = {
			isa = PBXFrameworksBuildPhase;
			buildActionMask = 2147483647;
			files = (
				D21BA118192D631C00D3FA0F /* CoreGraphics.framework in Frameworks */,
				D21BA11A192D631C00D3FA0F /* UIKit.framework in Frameworks */,
				D21BA116192D631C00D3FA0F /* Foundation.framework in Frameworks */,
			);
			runOnlyForDeploymentPostprocessing = 0;
		};
		D21BA130192D631C00D3FA0F /* Frameworks */ = {
			isa = PBXFrameworksBuildPhase;
			buildActionMask = 2147483647;
			files = (
				D21BA135192D631C00D3FA0F /* XCTest.framework in Frameworks */,
				D21BA137192D631C00D3FA0F /* UIKit.framework in Frameworks */,
				D21BA136192D631C00D3FA0F /* Foundation.framework in Frameworks */,
			);
			runOnlyForDeploymentPostprocessing = 0;
		};
/* End PBXFrameworksBuildPhase section */

/* Begin PBXGroup section */
		D21BA109192D631C00D3FA0F = {
			isa = PBXGroup;
			children = (
				D21BA11B192D631C00D3FA0F /* UITableViewController Challenge Solution */,
				D21BA13A192D631C00D3FA0F /* UITableViewController Challenge SolutionTests */,
				D21BA114192D631C00D3FA0F /* Frameworks */,
				D21BA113192D631C00D3FA0F /* Products */,
			);
			sourceTree = "<group>";
		};
		D21BA113192D631C00D3FA0F /* Products */ = {
			isa = PBXGroup;
			children = (
				D21BA112192D631C00D3FA0F /* UITableViewController Challenge Solution.app */,
				D21BA133192D631C00D3FA0F /* UITableViewController Challenge SolutionTests.xctest */,
			);
			name = Products;
			sourceTree = "<group>";
		};
		D21BA114192D631C00D3FA0F /* Frameworks */ = {
			isa = PBXGroup;
			children = (
				D21BA115192D631C00D3FA0F /* Foundation.framework */,
				D21BA117192D631C00D3FA0F /* CoreGraphics.framework */,
				D21BA119192D631C00D3FA0F /* UIKit.framework */,
				D21BA134192D631C00D3FA0F /* XCTest.framework */,
			);
			name = Frameworks;
			sourceTree = "<group>";
		};
		D21BA11B192D631C00D3FA0F /* UITableViewController Challenge Solution */ = {
			isa = PBXGroup;
			children = (
				D21BA124192D631C00D3FA0F /* VCAppDelegate.h */,
				D21BA125192D631C00D3FA0F /* VCAppDelegate.m */,
				D21BA127192D631C00D3FA0F /* Main.storyboard */,
				D21BA12A192D631C00D3FA0F /* VCViewController.h */,
				D21BA12B192D631C00D3FA0F /* VCViewController.m */,
				D21BA12D192D631C00D3FA0F /* Images.xcassets */,
				D21BA11C192D631C00D3FA0F /* Supporting Files */,
			);
			path = "UITableViewController Challenge Solution";
			sourceTree = "<group>";
		};
		D21BA11C192D631C00D3FA0F /* Supporting Files */ = {
			isa = PBXGroup;
			children = (
				D21BA11D192D631C00D3FA0F /* UITableViewController Challenge Solution-Info.plist */,
				D21BA11E192D631C00D3FA0F /* InfoPlist.strings */,
				D21BA121192D631C00D3FA0F /* main.m */,
				D21BA123192D631C00D3FA0F /* UITableViewController Challenge Solution-Prefix.pch */,
			);
			name = "Supporting Files";
			sourceTree = "<group>";
		};
		D21BA13A192D631C00D3FA0F /* UITableViewController Challenge SolutionTests */ = {
			isa = PBXGroup;
			children = (
				D21BA140192D631C00D3FA0F /* UITableViewController_Challenge_SolutionTests.m */,
				D21BA13B192D631C00D3FA0F /* Supporting Files */,
			);
			path = "UITableViewController Challenge SolutionTests";
			sourceTree = "<group>";
		};
		D21BA13B192D631C00D3FA0F /* Supporting Files */ = {
			isa = PBXGroup;
			children = (
				D21BA13C192D631C00D3FA0F /* UITableViewController Challenge SolutionTests-Info.plist */,
				D21BA13D192D631C00D3FA0F /* InfoPlist.strings */,
			);
			name = "Supporting Files";
			sourceTree = "<group>";
		};
/* End PBXGroup section */

/* Begin PBXNativeTarget section */
		D21BA111192D631C00D3FA0F /* UITableViewController Challenge Solution */ = {
			isa = PBXNativeTarget;
			buildConfigurationList = D21BA144192D631C00D3FA0F /* Build configuration list for PBXNativeTarget "UITableViewController Challenge Solution" */;
			buildPhases = (
				D21BA10E192D631C00D3FA0F /* Sources */,
				D21BA10F192D631C00D3FA0F /* Frameworks */,
				D21BA110192D631C00D3FA0F /* Resources */,
			);
			buildRules = (
			);
			dependencies = (
			);
			name = "UITableViewController Challenge Solution";
			productName = "UITableViewController Challenge Solution";
			productReference = D21BA112192D631C00D3FA0F /* UITableViewController Challenge Solution.app */;
			productType = "com.apple.product-type.application";
		};
		D21BA132192D631C00D3FA0F /* UITableViewController Challenge SolutionTests */ = {
			isa = PBXNativeTarget;
			buildConfigurationList = D21BA147192D631C00D3FA0F /* Build configuration list for PBXNativeTarget "UITableViewController Challenge SolutionTests" */;
			buildPhases = (
				D21BA12F192D631C00D3FA0F /* Sources */,
				D21BA130192D631C00D3FA0F /* Frameworks */,
				D21BA131192D631C00D3FA0F /* Resources */,
			);
			buildRules = (
			);
			dependencies = (
				D21BA139192D631C00D3FA0F /* PBXTargetDependency */,
			);
			name = "UITableViewController Challenge SolutionTests";
			productName = "UITableViewController Challenge SolutionTests";
			productReference = D21BA133192D631C00D3FA0F /* UITableViewController Challenge SolutionTests.xctest */;
			productType = "com.apple.product-type.bundle.unit-test";
		};
/* End PBXNativeTarget section */

/* Begin PBXProject section */
		D21BA10A192D631C00D3FA0F /* Project object */ = {
			isa = PBXProject;
			attributes = {
				CLASSPREFIX = VC;
				LastUpgradeCheck = 0510;
				ORGANIZATIONNAME = "Life, Inc.";
				TargetAttributes = {
					D21BA132192D631C00D3FA0F = {
						TestTargetID = D21BA111192D631C00D3FA0F;
					};
				};
			};
			buildConfigurationList = D21BA10D192D631C00D3FA0F /* Build configuration list for PBXProject "UITableViewController Challenge Solution" */;
			compatibilityVersion = "Xcode 3.2";
			developmentRegion = English;
			hasScannedForEncodings = 0;
			knownRegions = (
				en,
				Base,
			);
			mainGroup = D21BA109192D631C00D3FA0F;
			productRefGroup = D21BA113192D631C00D3FA0F /* Products */;
			projectDirPath = "";
			projectRoot = "";
			targets = (
				D21BA111192D631C00D3FA0F /* UITableViewController Challenge Solution */,
				D21BA132192D631C00D3FA0F /* UITableViewController Challenge SolutionTests */,
			);
		};
/* End PBXProject section */

/* Begin PBXResourcesBuildPhase section */
		D21BA110192D631C00D3FA0F /* Resources */ = {
			isa = PBXResourcesBuildPhase;
			buildActionMask = 2147483647;
			files = (
				D21BA12E192D631C00D3FA0F /* Images.xcassets in Resources */,
				D21BA120192D631C00D3FA0F /* InfoPlist.strings in Resources */,
				D21BA129192D631C00D3FA0F /* Main.storyboard in Resources */,
			);
			runOnlyForDeploymentPostprocessing = 0;
		};
		D21BA131192D631C00D3FA0F /* Resources */ = {
			isa = PBXResourcesBuildPhase;
			buildActionMask = 2147483647;
			files = (
				D21BA13F192D631C00D3FA0F /* InfoPlist.strings in Resources */,
			);
			runOnlyForDeploymentPostprocessing = 0;
		};
/* End PBXResourcesBuildPhase section */

/* Begin PBXSourcesBuildPhase section */
		D21BA10E192D631C00D3FA0F /* Sources */ = {
			isa = PBXSourcesBuildPhase;
			buildActionMask = 2147483647;
			files = (
				D21BA122192D631C00D3FA0F /* main.m in Sources */,
				D21BA12C192D631C00D3FA0F /* VCViewController.m in Sources */,
				D21BA126192D631C00D3FA0F /* VCAppDelegate.m in Sources */,
			);
			runOnlyForDeploymentPostprocessing = 0;
		};
		D21BA12F192D631C00D3FA0F /* Sources */ = {
			isa = PBXSourcesBuildPhase;
			buildActionMask = 2147483647;
			files = (
				D21BA141192D631C00D3FA0F /* UITableViewController_Challenge_SolutionTests.m in Sources */,
			);
			runOnlyForDeploymentPostprocessing = 0;
		};
/* End PBXSourcesBuildPhase section */

/* Begin PBXTargetDependency section */
		D21BA139192D631C00D3FA0F /* PBXTargetDependency */ = {
			isa = PBXTargetDependency;
			target = D21BA111192D631C00D3FA0F /* UITableViewController Challenge Solution */;
			targetProxy = D21BA138192D631C00D3FA0F /* PBXContainerItemProxy */;
		};
/* End PBXTargetDependency section */

/* Begin PBXVariantGroup section */
		D21BA11E192D631C00D3FA0F /* InfoPlist.strings */ = {
			isa = PBXVariantGroup;
			children = (
				D21BA11F192D631C00D3FA0F /* en */,
			);
			name = InfoPlist.strings;
			sourceTree = "<group>";
		};
		D21BA127192D631C00D3FA0F /* Main.storyboard */ = {
			isa = PBXVariantGroup;
			children = (
				D21BA128192D631C00D3FA0F /* Base */,
			);
			name = Main.storyboard;
			sourceTree = "<group>";
		};
		D21BA13D192D631C00D3FA0F /* InfoPlist.strings */ = {
			isa = PBXVariantGroup;
			children = (
				D21BA13E192D631C00D3FA0F /* en */,
			);
			name = InfoPlist.strings;
			sourceTree = "<group>";
		};
/* End PBXVariantGroup section */

/* Begin XCBuildConfiguration section */
		D21BA142192D631C00D3FA0F /* Debug */ = {
			isa = XCBuildConfiguration;
			buildSettings = {
				ALWAYS_SEARCH_USER_PATHS = NO;
				CLANG_CXX_LANGUAGE_STANDARD = "gnu++0x";
				CLANG_CXX_LIBRARY = "libc++";
				CLANG_ENABLE_MODULES = YES;
				CLANG_ENABLE_OBJC_ARC = YES;
				CLANG_WARN_BOOL_CONVERSION = YES;
				CLANG_WARN_CONSTANT_CONVERSION = YES;
				CLANG_WARN_DIRECT_OBJC_ISA_USAGE = YES_ERROR;
				CLANG_WARN_EMPTY_BODY = YES;
				CLANG_WARN_ENUM_CONVERSION = YES;
				CLANG_WARN_INT_CONVERSION = YES;
				CLANG_WARN_OBJC_ROOT_CLASS = YES_ERROR;
				CLANG_WARN__DUPLICATE_METHOD_MATCH = YES;
				"CODE_SIGN_IDENTITY[sdk=iphoneos*]" = "iPhone Developer";
				COPY_PHASE_STRIP = NO;
				GCC_C_LANGUAGE_STANDARD = gnu99;
				GCC_DYNAMIC_NO_PIC = NO;
				GCC_OPTIMIZATION_LEVEL = 0;
				GCC_PREPROCESSOR_DEFINITIONS = (
					"DEBUG=1",
					"$(inherited)",
				);
				GCC_SYMBOLS_PRIVATE_EXTERN = NO;
				GCC_WARN_64_TO_32_BIT_CONVERSION = YES;
				GCC_WARN_ABOUT_RETURN_TYPE = YES_ERROR;
				GCC_WARN_UNDECLARED_SELECTOR = YES;
				GCC_WARN_UNINITIALIZED_AUTOS = YES_AGGRESSIVE;
				GCC_WARN_UNUSED_FUNCTION = YES;
				GCC_WARN_UNUSED_VARIABLE = YES;
				IPHONEOS_DEPLOYMENT_TARGET = 7.1;
				ONLY_ACTIVE_ARCH = YES;
				SDKROOT = iphoneos;
			};
			name = Debug;
		};
		D21BA143192D631C00D3FA0F /* Release */ = {
			isa = XCBuildConfiguration;
			buildSettings = {
				ALWAYS_SEARCH_USER_PATHS = NO;
				CLANG_CXX_LANGUAGE_STANDARD = "gnu++0x";
				CLANG_CXX_LIBRARY = "libc++";
				CLANG_ENABLE_MODULES = YES;
				CLANG_ENABLE_OBJC_ARC = YES;
				CLANG_WARN_BOOL_CONVERSION = YES;
				CLANG_WARN_CONSTANT_CONVERSION = YES;
				CLANG_WARN_DIRECT_OBJC_ISA_USAGE = YES_ERROR;
				CLANG_WARN_EMPTY_BODY = YES;
				CLANG_WARN_ENUM_CONVERSION = YES;
				CLANG_WARN_INT_CONVERSION = YES;
				CLANG_WARN_OBJC_ROOT_CLASS = YES_ERROR;
				CLANG_WARN__DUPLICATE_METHOD_MATCH = YES;
				"CODE_SIGN_IDENTITY[sdk=iphoneos*]" = "iPhone Developer";
				COPY_PHASE_STRIP = YES;
				ENABLE_NS_ASSERTIONS = NO;
				GCC_C_LANGUAGE_STANDARD = gnu99;
				GCC_WARN_64_TO_32_BIT_CONVERSION = YES;
				GCC_WARN_ABOUT_RETURN_TYPE = YES_ERROR;
				GCC_WARN_UNDECLARED_SELECTOR = YES;
				GCC_WARN_UNINITIALIZED_AUTOS = YES_AGGRESSIVE;
				GCC_WARN_UNUSED_FUNCTION = YES;
				GCC_WARN_UNUSED_VARIABLE = YES;
				IPHONEOS_DEPLOYMENT_TARGET = 7.1;
				SDKROOT = iphoneos;
				VALIDATE_PRODUCT = YES;
			};
			name = Release;
		};
		D21BA145192D631C00D3FA0F /* Debug */ = {
			isa = XCBuildConfiguration;
			buildSettings = {
				ASSETCATALOG_COMPILER_APPICON_NAME = AppIcon;
				ASSETCATALOG_COMPILER_LAUNCHIMAGE_NAME = LaunchImage;
				GCC_PRECOMPILE_PREFIX_HEADER = YES;
				GCC_PREFIX_HEADER = "UITableViewController Challenge Solution/UITableViewController Challenge Solution-Prefix.pch";
				INFOPLIST_FILE = "UITableViewController Challenge Solution/UITableViewController Challenge Solution-Info.plist";
				PRODUCT_NAME = "$(TARGET_NAME)";
				WRAPPER_EXTENSION = app;
			};
			name = Debug;
		};
		D21BA146192D631C00D3FA0F /* Release */ = {
			isa = XCBuildConfiguration;
			buildSettings = {
				ASSETCATALOG_COMPILER_APPICON_NAME = AppIcon;
				ASSETCATALOG_COMPILER_LAUNCHIMAGE_NAME = LaunchImage;
				GCC_PRECOMPILE_PREFIX_HEADER = YES;
				GCC_PREFIX_HEADER = "UITableViewController Challenge Solution/UITableViewController Challenge Solution-Prefix.pch";
				INFOPLIST_FILE = "UITableViewController Challenge Solution/UITableViewController Challenge Solution-Info.plist";
				PRODUCT_NAME = "$(TARGET_NAME)";
				WRAPPER_EXTENSION = app;
			};
			name = Release;
		};
		D21BA148192D631C00D3FA0F /* Debug */ = {
			isa = XCBuildConfiguration;
			buildSettings = {
				BUNDLE_LOADER = "$(BUILT_PRODUCTS_DIR)/UITableViewController Challenge Solution.app/UITableViewController Challenge Solution";
				FRAMEWORK_SEARCH_PATHS = (
					"$(SDKROOT)/Developer/Library/Frameworks",
					"$(inherited)",
					"$(DEVELOPER_FRAMEWORKS_DIR)",
				);
				GCC_PRECOMPILE_PREFIX_HEADER = YES;
				GCC_PREFIX_HEADER = "UITableViewController Challenge Solution/UITableViewController Challenge Solution-Prefix.pch";
				GCC_PREPROCESSOR_DEFINITIONS = (
					"DEBUG=1",
					"$(inherited)",
				);
				INFOPLIST_FILE = "UITableViewController Challenge SolutionTests/UITableViewController Challenge SolutionTests-Info.plist";
				PRODUCT_NAME = "$(TARGET_NAME)";
				TEST_HOST = "$(BUNDLE_LOADER)";
				WRAPPER_EXTENSION = xctest;
			};
			name = Debug;
		};
		D21BA149192D631C00D3FA0F /* Release */ = {
			isa = XCBuildConfiguration;
			buildSettings = {
				BUNDLE_LOADER = "$(BUILT_PRODUCTS_DIR)/UITableViewController Challenge Solution.app/UITableViewController Challenge Solution";
				FRAMEWORK_SEARCH_PATHS = (
					"$(SDKROOT)/Developer/Library/Frameworks",
					"$(inherited)",
					"$(DEVELOPER_FRAMEWORKS_DIR)",
				);
				GCC_PRECOMPILE_PREFIX_HEADER = YES;
				GCC_PREFIX_HEADER = "UITableViewController Challenge Solution/UITableViewController Challenge Solution-Prefix.pch";
				INFOPLIST_FILE = "UITableViewController Challenge SolutionTests/UITableViewController Challenge SolutionTests-Info.plist";
				PRODUCT_NAME = "$(TARGET_NAME)";
				TEST_HOST = "$(BUNDLE_LOADER)";
				WRAPPER_EXTENSION = xctest;
			};
			name = Release;
		};
/* End XCBuildConfiguration section */

/* Begin XCConfigurationList section */
		D21BA10D192D631C00D3FA0F /* Build configuration list for PBXProject "UITableViewController Challenge Solution" */ = {
			isa = XCConfigurationList;
			buildConfigurations = (
				D21BA142192D631C00D3FA0F /* Debug */,
				D21BA143192D631C00D3FA0F /* Release */,
			);
			defaultConfigurationIsVisible = 0;
			defaultConfigurationName = Release;
		};
		D21BA144192D631C00D3FA0F /* Build configuration list for PBXNativeTarget "UITableViewController Challenge Solution" */ = {
			isa = XCConfigurationList;
			buildConfigurations = (
				D21BA145192D631C00D3FA0F /* Debug */,
				D21BA146192D631C00D3FA0F /* Release */,
			);
			defaultConfigurationIsVisible = 0;
		};
		D21BA147192D631C00D3FA0F /* Build configuration list for PBXNativeTarget "UITableViewController Challenge SolutionTests" */ = {
			isa = XCConfigurationList;
			buildConfigurations = (
				D21BA148192D631C00D3FA0F /* Debug */,
				D21BA149192D631C00D3FA0F /* Release */,
			);
			defaultConfigurationIsVisible = 0;
		};
/* End XCConfigurationList section */
	};
	rootObject = D21BA10A192D631C00D3FA0F /* Project object */;
}
